// !$*UTF8*$!
{
	archiveVersion = 1;
	classes = {
	};
	objectVersion = 46;
	objects = {

/* Begin PBXBuildFile section */
		C41E26C51EB2644500DBD3FD /* AppDelegate.swift in Sources */ = {isa = PBXBuildFile; fileRef = C41E26C41EB2644500DBD3FD /* AppDelegate.swift */; };
		C41E26C81EB2644500DBD3FD /* SwiftEssentials.xcdatamodeld in Sources */ = {isa = PBXBuildFile; fileRef = C41E26C61EB2644500DBD3FD /* SwiftEssentials.xcdatamodeld */; };
		C41E26CA1EB2644500DBD3FD /* MasterViewController.swift in Sources */ = {isa = PBXBuildFile; fileRef = C41E26C91EB2644500DBD3FD /* MasterViewController.swift */; };
		C41E26CC1EB2644500DBD3FD /* DetailViewController.swift in Sources */ = {isa = PBXBuildFile; fileRef = C41E26CB1EB2644500DBD3FD /* DetailViewController.swift */; };
		C41E26CF1EB2644500DBD3FD /* Main.storyboard in Resources */ = {isa = PBXBuildFile; fileRef = C41E26CD1EB2644500DBD3FD /* Main.storyboard */; };
		C41E26D11EB2644500DBD3FD /* Assets.xcassets in Resources */ = {isa = PBXBuildFile; fileRef = C41E26D01EB2644500DBD3FD /* Assets.xcassets */; };
		C41E26D41EB2644500DBD3FD /* LaunchScreen.storyboard in Resources */ = {isa = PBXBuildFile; fileRef = C41E26D21EB2644500DBD3FD /* LaunchScreen.storyboard */; };
/* End PBXBuildFile section */

/* Begin PBXFileReference section */
		C41E26C11EB2644500DBD3FD /* SwiftEssentials.app */ = {isa = PBXFileReference; explicitFileType = wrapper.application; includeInIndex = 0; path = SwiftEssentials.app; sourceTree = BUILT_PRODUCTS_DIR; };
		C41E26C41EB2644500DBD3FD /* AppDelegate.swift */ = {isa = PBXFileReference; lastKnownFileType = sourcecode.swift; path = AppDelegate.swift; sourceTree = "<group>"; };
		C41E26C71EB2644500DBD3FD /* SwiftEssentials.xcdatamodel */ = {isa = PBXFileReference; lastKnownFileType = wrapper.xcdatamodel; path = SwiftEssentials.xcdatamodel; sourceTree = "<group>"; };
		C41E26C91EB2644500DBD3FD /* MasterViewController.swift */ = {isa = PBXFileReference; lastKnownFileType = sourcecode.swift; path = MasterViewController.swift; sourceTree = "<group>"; };
		C41E26CB1EB2644500DBD3FD /* DetailViewController.swift */ = {isa = PBXFileReference; lastKnownFileType = sourcecode.swift; path = DetailViewController.swift; sourceTree = "<group>"; };
		C41E26CE1EB2644500DBD3FD /* Base */ = {isa = PBXFileReference; lastKnownFileType = file.storyboard; name = Base; path = Base.lproj/Main.storyboard; sourceTree = "<group>"; };
		C41E26D01EB2644500DBD3FD /* Assets.xcassets */ = {isa = PBXFileReference; lastKnownFileType = folder.assetcatalog; path = Assets.xcassets; sourceTree = "<group>"; };
		C41E26D31EB2644500DBD3FD /* Base */ = {isa = PBXFileReference; lastKnownFileType = file.storyboard; name = Base; path = Base.lproj/LaunchScreen.storyboard; sourceTree = "<group>"; };
		C41E26D51EB2644500DBD3FD /* Info.plist */ = {isa = PBXFileReference; lastKnownFileType = text.plist.xml; path = Info.plist; sourceTree = "<group>"; };
/* End PBXFileReference section */

/* Begin PBXFrameworksBuildPhase section */
		C41E26BE1EB2644500DBD3FD /* Frameworks */ = {
			isa = PBXFrameworksBuildPhase;
			buildActionMask = 2147483647;
			files = (
			);
			runOnlyForDeploymentPostprocessing = 0;
		};
/* End PBXFrameworksBuildPhase section */

/* Begin PBXGroup section */
		C41E26B81EB2644500DBD3FD = {
			isa = PBXGroup;
			children = (
				C41E26C31EB2644500DBD3FD /* SwiftEssentials */,
				C41E26C21EB2644500DBD3FD /* Products */,
			);
			sourceTree = "<group>";
		};
		C41E26C21EB2644500DBD3FD /* Products */ = {
			isa = PBXGroup;
			children = (
				C41E26C11EB2644500DBD3FD /* SwiftEssentials.app */,
			);
			name = Products;
			sourceTree = "<group>";
		};
		C41E26C31EB2644500DBD3FD /* SwiftEssentials */ = {
			isa = PBXGroup;
			children = (
				C41E26C41EB2644500DBD3FD /* AppDelegate.swift */,
				C41E26C91EB2644500DBD3FD /* MasterViewController.swift */,
				C41E26CB1EB2644500DBD3FD /* DetailViewController.swift */,
				C41E26CD1EB2644500DBD3FD /* Main.storyboard */,
				C41E26D01EB2644500DBD3FD /* Assets.xcassets */,
				C41E26D21EB2644500DBD3FD /* LaunchScreen.storyboard */,
				C41E26D51EB2644500DBD3FD /* Info.plist */,
				C41E26C61EB2644500DBD3FD /* SwiftEssentials.xcdatamodeld */,
			);
			path = SwiftEssentials;
			sourceTree = "<group>";
		};
/* End PBXGroup section */

/* Begin PBXNativeTarget section */
		C41E26C01EB2644500DBD3FD /* SwiftEssentials */ = {
			isa = PBXNativeTarget;
			buildConfigurationList = C41E26D81EB2644500DBD3FD /* Build configuration list for PBXNativeTarget "SwiftEssentials" */;
			buildPhases = (
				C41E26BD1EB2644500DBD3FD /* Sources */,
				C41E26BE1EB2644500DBD3FD /* Frameworks */,
				C41E26BF1EB2644500DBD3FD /* Resources */,
			);
			buildRules = (
			);
			dependencies = (
			);
			name = SwiftEssentials;
			productName = SwiftEssentials;
			productReference = C41E26C11EB2644500DBD3FD /* SwiftEssentials.app */;
			productType = "com.apple.product-type.application";
		};
/* End PBXNativeTarget section */

/* Begin PBXProject section */
		C41E26B91EB2644500DBD3FD /* Project object */ = {
			isa = PBXProject;
			attributes = {
				LastSwiftUpdateCheck = 0830;
				LastUpgradeCheck = 0830;
				ORGANIZATIONNAME = "Paul Hopkins";
				TargetAttributes = {
					C41E26C01EB2644500DBD3FD = {
						CreatedOnToolsVersion = 8.3.2;
						DevelopmentTeam = DFJVQ8NU8T;
						ProvisioningStyle = Automatic;
					};
				};
			};
			buildConfigurationList = C41E26BC1EB2644500DBD3FD /* Build configuration list for PBXProject "SwiftEssentials" */;
			compatibilityVersion = "Xcode 3.2";
			developmentRegion = English;
			hasScannedForEncodings = 0;
			knownRegions = (
				en,
				Base,
			);
			mainGroup = C41E26B81EB2644500DBD3FD;
			productRefGroup = C41E26C21EB2644500DBD3FD /* Products */;
			projectDirPath = "";
			projectRoot = "";
			targets = (
				C41E26C01EB2644500DBD3FD /* SwiftEssentials */,
			);
		};
/* End PBXProject section */

/* Begin PBXResourcesBuildPhase section */
		C41E26BF1EB2644500DBD3FD /* Resources */ = {
			isa = PBXResourcesBuildPhase;
			buildActionMask = 2147483647;
			files = (
				C41E26D41EB2644500DBD3FD /* LaunchScreen.storyboard in Resources */,
				C41E26D11EB2644500DBD3FD /* Assets.xcassets in Resources */,
				C41E26CF1EB2644500DBD3FD /* Main.storyboard in Resources */,
			);
			runOnlyForDeploymentPostprocessing = 0;
		};
/* End PBXResourcesBuildPhase section */

/* Begin PBXSourcesBuildPhase section */
		C41E26BD1EB2644500DBD3FD /* Sources */ = {
			isa = PBXSourcesBuildPhase;
			buildActionMask = 2147483647;
			files = (
				C41E26C81EB2644500DBD3FD /* SwiftEssentials.xcdatamodeld in Sources */,
				C41E26C51EB2644500DBD3FD /* AppDelegate.swift in Sources */,
				C41E26CA1EB2644500DBD3FD /* MasterViewController.swift in Sources */,
				C41E26CC1EB2644500DBD3FD /* DetailViewController.swift in Sources */,
			);
			runOnlyForDeploymentPostprocessing = 0;
		};
/* End PBXSourcesBuildPhase section */

/* Begin PBXVariantGroup section */
		C41E26CD1EB2644500DBD3FD /* Main.storyboard */ = {
			isa = PBXVariantGroup;
			children = (
				C41E26CE1EB2644500DBD3FD /* Base */,
			);
			name = Main.storyboard;
			sourceTree = "<group>";
		};
		C41E26D21EB2644500DBD3FD /* LaunchScreen.storyboard */ = {
			isa = PBXVariantGroup;
			children = (
				C41E26D31EB2644500DBD3FD /* Base */,
			);
			name = LaunchScreen.storyboard;
			sourceTree = "<group>";
		};
/* End PBXVariantGroup section */

/* Begin XCBuildConfiguration section */
		C41E26D61EB2644500DBD3FD /* Debug */ = {
			isa = XCBuildConfiguration;
			buildSettings = {
				ALWAYS_SEARCH_USER_PATHS = NO;
				CLANG_ANALYZER_NONNULL = YES;
				CLANG_ANALYZER_NUMBER_OBJECT_CONVERSION = YES_AGGRESSIVE;
				CLANG_CXX_LANGUAGE_STANDARD = "gnu++0x";
				CLANG_CXX_LIBRARY = "libc++";
				CLANG_ENABLE_MODULES = YES;
				CLANG_ENABLE_OBJC_ARC = YES;
				CLANG_WARN_BOOL_CONVERSION = YES;
				CLANG_WARN_CONSTANT_CONVERSION = YES;
				CLANG_WARN_DIRECT_OBJC_ISA_USAGE = YES_ERROR;
				CLANG_WARN_DOCUMENTATION_COMMENTS = YES;
				CLANG_WARN_EMPTY_BODY = YES;
				CLANG_WARN_ENUM_CONVERSION = YES;
				CLANG_WARN_INFINITE_RECURSION = YES;
				CLANG_WARN_INT_CONVERSION = YES;
				CLANG_WARN_OBJC_ROOT_CLASS = YES_ERROR;
				CLANG_WARN_SUSPICIOUS_MOVE = YES;
				CLANG_WARN_UNREACHABLE_CODE = YES;
				CLANG_WARN__DUPLICATE_METHOD_MATCH = YES;
				"CODE_SIGN_IDENTITY[sdk=iphoneos*]" = "iPhone Developer";
				COPY_PHASE_STRIP = NO;
				DEBUG_INFORMATION_FORMAT = dwarf;
				ENABLE_STRICT_OBJC_MSGSEND = YES;
				ENABLE_TESTABILITY = YES;
				GCC_C_LANGUAGE_STANDARD = gnu99;
				GCC_DYNAMIC_NO_PIC = NO;
				GCC_NO_COMMON_BLOCKS = YES;
				GCC_OPTIMIZATION_LEVEL = 0;
				GCC_PREPROCESSOR_DEFINITIONS = (
					"DEBUG=1",
					"$(inherited)",
				);
				GCC_WARN_64_TO_32_BIT_CONVERSION = YES;
				GCC_WARN_ABOUT_RETURN_TYPE = YES_ERROR;
				GCC_WARN_UNDECLARED_SELECTOR = YES;
				GCC_WARN_UNINITIALIZED_AUTOS = YES_AGGRESSIVE;
				GCC_WARN_UNUSED_FUNCTION = YES;
				GCC_WARN_UNUSED_VARIABLE = YES;
				IPHONEOS_DEPLOYMENT_TARGET = 10.3;
				MTL_ENABLE_DEBUG_INFO = YES;
				ONLY_ACTIVE_ARCH = YES;
				SDKROOT = iphoneos;
				SWIFT_ACTIVE_COMPILATION_CONDITIONS = DEBUG;
				SWIFT_OPTIMIZATION_LEVEL = "-Onone";
				TARGETED_DEVICE_FAMILY = "1,2";
			};
			name = Debug;
		};
		C41E26D71EB2644500DBD3FD /* Release */ = {
			isa = XCBuildConfiguration;
			buildSettings = {
				ALWAYS_SEARCH_USER_PATHS = NO;
				CLANG_ANALYZER_NONNULL = YES;
				CLANG_ANALYZER_NUMBER_OBJECT_CONVERSION = YES_AGGRESSIVE;
				CLANG_CXX_LANGUAGE_STANDARD = "gnu++0x";
				CLANG_CXX_LIBRARY = "libc++";
				CLANG_ENABLE_MODULES = YES;
				CLANG_ENABLE_OBJC_ARC = YES;
				CLANG_WARN_BOOL_CONVERSION = YES;
				CLANG_WARN_CONSTANT_CONVERSION = YES;
				CLANG_WARN_DIRECT_OBJC_ISA_USAGE = YES_ERROR;
				CLANG_WARN_DOCUMENTATION_COMMENTS = YES;
				CLANG_WARN_EMPTY_BODY = YES;
				CLANG_WARN_ENUM_CONVERSION = YES;
				CLANG_WARN_INFINITE_RECURSION = YES;
				CLANG_WARN_INT_CONVERSION = YES;
				CLANG_WARN_OBJC_ROOT_CLASS = YES_ERROR;
				CLANG_WARN_SUSPICIOUS_MOVE = YES;
				CLANG_WARN_UNREACHABLE_CODE = YES;
				CLANG_WARN__DUPLICATE_METHOD_MATCH = YES;
				"CODE_SIGN_IDENTITY[sdk=iphoneos*]" = "iPhone Developer";
				COPY_PHASE_STRIP = NO;
				DEBUG_INFORMATION_FORMAT = "dwarf-with-dsym";
				ENABLE_NS_ASSERTIONS = NO;
				ENABLE_STRICT_OBJC_MSGSEND = YES;
				GCC_C_LANGUAGE_STANDARD = gnu99;
				GCC_NO_COMMON_BLOCKS = YES;
				GCC_WARN_64_TO_32_BIT_CONVERSION = YES;
				GCC_WARN_ABOUT_RETURN_TYPE = YES_ERROR;
				GCC_WARN_UNDECLARED_SELECTOR = YES;
				GCC_WARN_UNINITIALIZED_AUTOS = YES_AGGRESSIVE;
				GCC_WARN_UNUSED_FUNCTION = YES;
				GCC_WARN_UNUSED_VARIABLE = YES;
				IPHONEOS_DEPLOYMENT_TARGET = 10.3;
				MTL_ENABLE_DEBUG_INFO = NO;
				SDKROOT = iphoneos;
				SWIFT_OPTIMIZATION_LEVEL = "-Owholemodule";
				TARGETED_DEVICE_FAMILY = "1,2";
				VALIDATE_PRODUCT = YES;
			};
			name = Release;
		};
		C41E26D91EB2644500DBD3FD /* Debug */ = {
			isa = XCBuildConfiguration;
			buildSettings = {
				ASSETCATALOG_COMPILER_APPICON_NAME = AppIcon;
				DEVELOPMENT_TEAM = DFJVQ8NU8T;
				INFOPLIST_FILE = SwiftEssentials/Info.plist;
				LD_RUNPATH_SEARCH_PATHS = "$(inherited) @executable_path/Frameworks";
				PRODUCT_BUNDLE_IDENTIFIER = paulwhopkins.SwiftEssentials;
				PRODUCT_NAME = "$(TARGET_NAME)";
				SWIFT_VERSION = 3.0;
			};
			name = Debug;
		};
		C41E26DA1EB2644500DBD3FD /* Release */ = {
			isa = XCBuildConfiguration;
			buildSettings = {
				ASSETCATALOG_COMPILER_APPICON_NAME = AppIcon;
				DEVELOPMENT_TEAM = DFJVQ8NU8T;
				INFOPLIST_FILE = SwiftEssentials/Info.plist;
				LD_RUNPATH_SEARCH_PATHS = "$(inherited) @executable_path/Frameworks";
				PRODUCT_BUNDLE_IDENTIFIER = paulwhopkins.SwiftEssentials;
				PRODUCT_NAME = "$(TARGET_NAME)";
				SWIFT_VERSION = 3.0;
			};
			name = Release;
		};
/* End XCBuildConfiguration section */

/* Begin XCConfigurationList section */
		C41E26BC1EB2644500DBD3FD /* Build configuration list for PBXProject "SwiftEssentials" */ = {
			isa = XCConfigurationList;
			buildConfigurations = (
				C41E26D61EB2644500DBD3FD /* Debug */,
				C41E26D71EB2644500DBD3FD /* Release */,
			);
			defaultConfigurationIsVisible = 0;
			defaultConfigurationName = Release;
		};
		C41E26D81EB2644500DBD3FD /* Build configuration list for PBXNativeTarget "SwiftEssentials" */ = {
			isa = XCConfigurationList;
			buildConfigurations = (
				C41E26D91EB2644500DBD3FD /* Debug */,
				C41E26DA1EB2644500DBD3FD /* Release */,
			);
			defaultConfigurationIsVisible = 0;
		};
/* End XCConfigurationList section */

/* Begin XCVersionGroup section */
		C41E26C61EB2644500DBD3FD /* SwiftEssentials.xcdatamodeld */ = {
			isa = XCVersionGroup;
			children = (
				C41E26C71EB2644500DBD3FD /* SwiftEssentials.xcdatamodel */,
			);
			currentVersion = C41E26C71EB2644500DBD3FD /* SwiftEssentials.xcdatamodel */;
			path = SwiftEssentials.xcdatamodeld;
			sourceTree = "<group>";
			versionGroupType = wrapper.xcdatamodel;
		};
/* End XCVersionGroup section */
	};
	rootObject = C41E26B91EB2644500DBD3FD /* Project object */;
}
